
Microsoft Visual Studio Solution File, Format Version 11.00
# Visual Studio 2010
Project("{FAE04EC0-301F-11D3-BF4B-00C04F79EFBC}") = "Assembly-CSharp", "Assembly-CSharp.csproj", "{3b01ba8f-0f1c-a1d2-6fe7-32afcf260552}"
EndProject
Project("{FAE04EC0-301F-11D3-BF4B-00C04F79EFBC}") = "Assembly-CSharp-Editor", "Assembly-CSharp-Editor.csproj", "{34c13414-a704-b14d-cbdd-2a98141acb5b}"
EndProject
Global
	GlobalSection(SolutionConfigurationPlatforms) = preSolution
		Debug|Any CPU = Debug|Any CPU
	EndGlobalSection
	GlobalSection(ProjectConfigurationPlatforms) = postSolution
		{3b01ba8f-0f1c-a1d2-6fe7-32afcf260552}.Debug|Any CPU.ActiveCfg = Debug|Any CPU
		{3b01ba8f-0f1c-a1d2-6fe7-32afcf260552}.Debug|Any CPU.Build.0 = Debug|Any CPU
		{34c13414-a704-b14d-cbdd-2a98141acb5b}.Debug|Any CPU.ActiveCfg = Debug|Any CPU
		{34c13414-a704-b14d-cbdd-2a98141acb5b}.Debug|Any CPU.Build.0 = Debug|Any CPU
	EndGlobalSection
	GlobalSection(SolutionProperties) = preSolution
		HideSolutionNode = FALSE
	EndGlobalSection
EndGlobal
